
Microsoft Visual Studio Solution File, Format Version 12.00
# Visual Studio Version 17
VisualStudioVersion = 17.2.32630.192
MinimumVisualStudioVersion = 10.0.40219.1
Project("{9A19103F-16F7-4668-BE54-9A1E7A4F7556}") = "CalUsedFileSize", "CalUsedFileSize\CalUsedFileSize.csproj", "{1479555B-6F72-40DE-8BC9-8E7B58EE9F5F}"
EndProject
Project("{2150E333-8FDC-42A3-9474-1A3956D46DE8}") = "Solution Items", "Solution Items", "{6CED9A60-1FC6-444D-9CCE-580934759A9F}"
	ProjectSection(SolutionItems) = preProject
		.gitignore = .gitignore
		LICENSE = LICENSE
		README.md = README.md
	EndProjectSection
EndProject
Global
	GlobalSection(SolutionConfigurationPlatforms) = preSolution
		Debug|Any CPU = Debug|Any CPU
		Release|Any CPU = Release|Any CPU
	EndGlobalSection
	GlobalSection(ProjectConfigurationPlatforms) = postSolution
		{1479555B-6F72-40DE-8BC9-8E7B58EE9F5F}.Debug|Any CPU.ActiveCfg = Debug|Any CPU
		{1479555B-6F72-40DE-8BC9-8E7B58EE9F5F}.Debug|Any CPU.Build.0 = Debug|Any CPU
		{1479555B-6F72-40DE-8BC9-8E7B58EE9F5F}.Release|Any CPU.ActiveCfg = Release|Any CPU
		{1479555B-6F72-40DE-8BC9-8E7B58EE9F5F}.Release|Any CPU.Build.0 = Release|Any CPU
	EndGlobalSection
	GlobalSection(SolutionProperties) = preSolution
		HideSolutionNode = FALSE
	EndGlobalSection
	GlobalSection(ExtensibilityGlobals) = postSolution
		SolutionGuid = {08FA7AD7-F408-4AD1-8A78-CD16D8F99235}
	EndGlobalSection
EndGlobal
